
Microsoft Visual Studio Solution File, Format Version 12.00
# Visual Studio 15
VisualStudioVersion = 15.0.28010.2019
MinimumVisualStudioVersion = 10.0.40219.1
Project("{9A19103F-16F7-4668-BE54-9A1E7A4F7556}") = "LowLevelDataSerializer", "src\LowLevelDataSerializer.csproj", "{FA80422F-249E-47CC-84A2-3B32647CCBBB}"
EndProject
Project("{FAE04EC0-301F-11D3-BF4B-00C04F79EFBC}") = "UnitTests", "tests\UnitTests.csproj", "{04F47E59-1A57-40B5-B187-3E5806F3DA02}"
EndProject
Global
	GlobalSection(SolutionConfigurationPlatforms) = preSolution
		Debug|Any CPU = Debug|Any CPU
		Release|Any CPU = Release|Any CPU
	EndGlobalSection
	GlobalSection(ProjectConfigurationPlatforms) = postSolution
		{FA80422F-249E-47CC-84A2-3B32647CCBBB}.Debug|Any CPU.ActiveCfg = Debug|Any CPU
		{FA80422F-249E-47CC-84A2-3B32647CCBBB}.Debug|Any CPU.Build.0 = Debug|Any CPU
		{FA80422F-249E-47CC-84A2-3B32647CCBBB}.Release|Any CPU.ActiveCfg = Release|Any CPU
		{FA80422F-249E-47CC-84A2-3B32647CCBBB}.Release|Any CPU.Build.0 = Release|Any CPU
		{04F47E59-1A57-40B5-B187-3E5806F3DA02}.Debug|Any CPU.ActiveCfg = Debug|Any CPU
		{04F47E59-1A57-40B5-B187-3E5806F3DA02}.Debug|Any CPU.Build.0 = Debug|Any CPU
		{04F47E59-1A57-40B5-B187-3E5806F3DA02}.Release|Any CPU.ActiveCfg = Release|Any CPU
		{04F47E59-1A57-40B5-B187-3E5806F3DA02}.Release|Any CPU.Build.0 = Release|Any CPU
	EndGlobalSection
	GlobalSection(SolutionProperties) = preSolution
		HideSolutionNode = FALSE
	EndGlobalSection
	GlobalSection(ExtensibilityGlobals) = postSolution
		SolutionGuid = {226A04D8-CEFC-4BA6-8A42-D62F325F8403}
	EndGlobalSection
EndGlobal
